
Microsoft Visual Studio Solution File, Format Version 12.00
# Visual Studio Version 17
VisualStudioVersion = 17.12.35514.174
MinimumVisualStudioVersion = 10.0.40219.1
Project("{FAE04EC0-301F-11D3-BF4B-00C04F79EFBC}") = "MatchPoint.AppHost", "MatchPoint.AppHost\MatchPoint.AppHost.csproj", "{D827BF4C-0A02-46B9-9CEA-BD1A50B43B7B}"
EndProject
Project("{FAE04EC0-301F-11D3-BF4B-00C04F79EFBC}") = "MatchPoint.ServiceDefaults", "MatchPoint.ServiceDefaults\MatchPoint.ServiceDefaults.csproj", "{0A6E877F-BFC7-483E-A128-85008BF9BFE8}"
EndProject
Project("{2150E333-8FDC-42A3-9474-1A3956D46DE8}") = "ClubService", "ClubService", "{FB7D531C-EF2F-4F19-B7D9-B451C91B03EA}"
EndProject
Project("{FAE04EC0-301F-11D3-BF4B-00C04F79EFBC}") = "MatchPoint.ClubService", "MatchPoint.ClubService\MatchPoint.ClubService.csproj", "{25273EF0-B7A9-4A6C-AF70-05DC7CDC1D01}"
EndProject
Project("{2150E333-8FDC-42A3-9474-1A3956D46DE8}") = "Shared", "Shared", "{3068FAF3-3E1B-4F49-BAEE-1BD8B91441B5}"
EndProject
Project("{FAE04EC0-301F-11D3-BF4B-00C04F79EFBC}") = "MatchPoint.Api.Shared", "MatchPoint.Api.Shared\MatchPoint.Api.Shared.csproj", "{7E2CDC41-9E88-4A74-8E75-1208122407CD}"
EndProject
Project("{FAE04EC0-301F-11D3-BF4B-00C04F79EFBC}") = "MatchPoint.Api.Tests.Unit", "MatchPoint.Api.Tests.Unit\MatchPoint.Api.Tests.Unit.csproj", "{036CF151-1415-4EEA-BA3A-39EA57CB2FFD}"
EndProject
Project("{FAE04EC0-301F-11D3-BF4B-00C04F79EFBC}") = "MatchPoint.ClubService.Tests.Unit", "MatchPoint.ClubService.Tests.Unit\MatchPoint.ClubService.Tests.Unit.csproj", "{253B2727-C06B-455F-B6BD-53EEFF3CB221}"
EndProject
Project("{FAE04EC0-301F-11D3-BF4B-00C04F79EFBC}") = "MatchPoint.ClubService.Tests.Integration", "MatchPoint.ClubService.Tests.Integration\MatchPoint.ClubService.Tests.Integration.csproj", "{FD2FFC28-AC2A-40DA-B0F3-B46014BD5360}"
EndProject
Project("{FAE04EC0-301F-11D3-BF4B-00C04F79EFBC}") = "MatchPoint.Api.Tests.Shared", "MatchPoint.Api.Tests.Shared\MatchPoint.Api.Tests.Shared.csproj", "{F2C87B7E-09EF-4601-AFE9-AC42413BD65C}"
EndProject
Project("{2150E333-8FDC-42A3-9474-1A3956D46DE8}") = "AccessControlService", "AccessControlService", "{5312D4F6-5694-48BB-85AD-6F06A310EB6B}"
EndProject
Project("{FAE04EC0-301F-11D3-BF4B-00C04F79EFBC}") = "MatchPoint.AccessControlService", "MatchPoint.AccessControlService\MatchPoint.AccessControlService.csproj", "{90373771-51BE-40AA-879F-201FF9349AC8}"
EndProject
Project("{FAE04EC0-301F-11D3-BF4B-00C04F79EFBC}") = "MatchPoint.AccessControlService.Tests.Integration", "MatchPoint.AccessControlService.Tests.Integration\MatchPoint.AccessControlService.Tests.Integration.csproj", "{9C65814A-90AC-4A98-ABB5-5C70295A9DA8}"
EndProject
Project("{FAE04EC0-301F-11D3-BF4B-00C04F79EFBC}") = "MatchPoint.AccessControlService.Tests.Unit", "MatchPoint.AccessControlService.Tests.Unit\MatchPoint.AccessControlService.Tests.Unit.csproj", "{11B0B023-A476-4B75-9A21-D5704E2A4795}"
EndProject
Project("{2150E333-8FDC-42A3-9474-1A3956D46DE8}") = "MockEventBus", "MockEventBus", "{02EA681E-C7D8-13C7-8484-4AC65E1B71E8}"
EndProject
Project("{FAE04EC0-301F-11D3-BF4B-00C04F79EFBC}") = "MockEventBus.Broker", "MockEventBus.Broker\MockEventBus.Broker.csproj", "{28C66052-2F3B-9949-12DF-BD3B1A121CF8}"
EndProject
Global
	GlobalSection(SolutionConfigurationPlatforms) = preSolution
		Debug|Any CPU = Debug|Any CPU
		Release|Any CPU = Release|Any CPU
	EndGlobalSection
	GlobalSection(ProjectConfigurationPlatforms) = postSolution
		{D827BF4C-0A02-46B9-9CEA-BD1A50B43B7B}.Debug|Any CPU.ActiveCfg = Debug|Any CPU
		{D827BF4C-0A02-46B9-9CEA-BD1A50B43B7B}.Debug|Any CPU.Build.0 = Debug|Any CPU
		{D827BF4C-0A02-46B9-9CEA-BD1A50B43B7B}.Release|Any CPU.ActiveCfg = Release|Any CPU
		{D827BF4C-0A02-46B9-9CEA-BD1A50B43B7B}.Release|Any CPU.Build.0 = Release|Any CPU
		{0A6E877F-BFC7-483E-A128-85008BF9BFE8}.Debug|Any CPU.ActiveCfg = Debug|Any CPU
		{0A6E877F-BFC7-483E-A128-85008BF9BFE8}.Debug|Any CPU.Build.0 = Debug|Any CPU
		{0A6E877F-BFC7-483E-A128-85008BF9BFE8}.Release|Any CPU.ActiveCfg = Release|Any CPU
		{0A6E877F-BFC7-483E-A128-85008BF9BFE8}.Release|Any CPU.Build.0 = Release|Any CPU
		{25273EF0-B7A9-4A6C-AF70-05DC7CDC1D01}.Debug|Any CPU.ActiveCfg = Debug|Any CPU
		{25273EF0-B7A9-4A6C-AF70-05DC7CDC1D01}.Debug|Any CPU.Build.0 = Debug|Any CPU
		{25273EF0-B7A9-4A6C-AF70-05DC7CDC1D01}.Release|Any CPU.ActiveCfg = Release|Any CPU
		{25273EF0-B7A9-4A6C-AF70-05DC7CDC1D01}.Release|Any CPU.Build.0 = Release|Any CPU
		{7E2CDC41-9E88-4A74-8E75-1208122407CD}.Debug|Any CPU.ActiveCfg = Debug|Any CPU
		{7E2CDC41-9E88-4A74-8E75-1208122407CD}.Debug|Any CPU.Build.0 = Debug|Any CPU
		{7E2CDC41-9E88-4A74-8E75-1208122407CD}.Release|Any CPU.ActiveCfg = Release|Any CPU
		{7E2CDC41-9E88-4A74-8E75-1208122407CD}.Release|Any CPU.Build.0 = Release|Any CPU
		{036CF151-1415-4EEA-BA3A-39EA57CB2FFD}.Debug|Any CPU.ActiveCfg = Debug|Any CPU
		{036CF151-1415-4EEA-BA3A-39EA57CB2FFD}.Debug|Any CPU.Build.0 = Debug|Any CPU
		{036CF151-1415-4EEA-BA3A-39EA57CB2FFD}.Release|Any CPU.ActiveCfg = Release|Any CPU
		{036CF151-1415-4EEA-BA3A-39EA57CB2FFD}.Release|Any CPU.Build.0 = Release|Any CPU
		{253B2727-C06B-455F-B6BD-53EEFF3CB221}.Debug|Any CPU.ActiveCfg = Debug|Any CPU
		{253B2727-C06B-455F-B6BD-53EEFF3CB221}.Debug|Any CPU.Build.0 = Debug|Any CPU
		{253B2727-C06B-455F-B6BD-53EEFF3CB221}.Release|Any CPU.ActiveCfg = Release|Any CPU
		{253B2727-C06B-455F-B6BD-53EEFF3CB221}.Release|Any CPU.Build.0 = Release|Any CPU
		{FD2FFC28-AC2A-40DA-B0F3-B46014BD5360}.Debug|Any CPU.ActiveCfg = Debug|Any CPU
		{FD2FFC28-AC2A-40DA-B0F3-B46014BD5360}.Debug|Any CPU.Build.0 = Debug|Any CPU
		{FD2FFC28-AC2A-40DA-B0F3-B46014BD5360}.Release|Any CPU.ActiveCfg = Release|Any CPU
		{FD2FFC28-AC2A-40DA-B0F3-B46014BD5360}.Release|Any CPU.Build.0 = Release|Any CPU
		{F2C87B7E-09EF-4601-AFE9-AC42413BD65C}.Debug|Any CPU.ActiveCfg = Debug|Any CPU
		{F2C87B7E-09EF-4601-AFE9-AC42413BD65C}.Debug|Any CPU.Build.0 = Debug|Any CPU
		{F2C87B7E-09EF-4601-AFE9-AC42413BD65C}.Release|Any CPU.ActiveCfg = Release|Any CPU
		{F2C87B7E-09EF-4601-AFE9-AC42413BD65C}.Release|Any CPU.Build.0 = Release|Any CPU
		{90373771-51BE-40AA-879F-201FF9349AC8}.Debug|Any CPU.ActiveCfg = Debug|Any CPU
		{90373771-51BE-40AA-879F-201FF9349AC8}.Debug|Any CPU.Build.0 = Debug|Any CPU
		{90373771-51BE-40AA-879F-201FF9349AC8}.Release|Any CPU.ActiveCfg = Release|Any CPU
		{90373771-51BE-40AA-879F-201FF9349AC8}.Release|Any CPU.Build.0 = Release|Any CPU
		{9C65814A-90AC-4A98-ABB5-5C70295A9DA8}.Debug|Any CPU.ActiveCfg = Debug|Any CPU
		{9C65814A-90AC-4A98-ABB5-5C70295A9DA8}.Debug|Any CPU.Build.0 = Debug|Any CPU
		{9C65814A-90AC-4A98-ABB5-5C70295A9DA8}.Release|Any CPU.ActiveCfg = Release|Any CPU
		{9C65814A-90AC-4A98-ABB5-5C70295A9DA8}.Release|Any CPU.Build.0 = Release|Any CPU
		{11B0B023-A476-4B75-9A21-D5704E2A4795}.Debug|Any CPU.ActiveCfg = Debug|Any CPU
		{11B0B023-A476-4B75-9A21-D5704E2A4795}.Debug|Any CPU.Build.0 = Debug|Any CPU
		{11B0B023-A476-4B75-9A21-D5704E2A4795}.Release|Any CPU.ActiveCfg = Release|Any CPU
		{11B0B023-A476-4B75-9A21-D5704E2A4795}.Release|Any CPU.Build.0 = Release|Any CPU
		{28C66052-2F3B-9949-12DF-BD3B1A121CF8}.Debug|Any CPU.ActiveCfg = Debug|Any CPU
		{28C66052-2F3B-9949-12DF-BD3B1A121CF8}.Debug|Any CPU.Build.0 = Debug|Any CPU
		{28C66052-2F3B-9949-12DF-BD3B1A121CF8}.Release|Any CPU.ActiveCfg = Release|Any CPU
		{28C66052-2F3B-9949-12DF-BD3B1A121CF8}.Release|Any CPU.Build.0 = Release|Any CPU
	EndGlobalSection
	GlobalSection(SolutionProperties) = preSolution
		HideSolutionNode = FALSE
	EndGlobalSection
	GlobalSection(NestedProjects) = preSolution
		{25273EF0-B7A9-4A6C-AF70-05DC7CDC1D01} = {FB7D531C-EF2F-4F19-B7D9-B451C91B03EA}
		{7E2CDC41-9E88-4A74-8E75-1208122407CD} = {3068FAF3-3E1B-4F49-BAEE-1BD8B91441B5}
		{036CF151-1415-4EEA-BA3A-39EA57CB2FFD} = {3068FAF3-3E1B-4F49-BAEE-1BD8B91441B5}
		{253B2727-C06B-455F-B6BD-53EEFF3CB221} = {FB7D531C-EF2F-4F19-B7D9-B451C91B03EA}
		{FD2FFC28-AC2A-40DA-B0F3-B46014BD5360} = {FB7D531C-EF2F-4F19-B7D9-B451C91B03EA}
		{F2C87B7E-09EF-4601-AFE9-AC42413BD65C} = {3068FAF3-3E1B-4F49-BAEE-1BD8B91441B5}
		{90373771-51BE-40AA-879F-201FF9349AC8} = {5312D4F6-5694-48BB-85AD-6F06A310EB6B}
		{9C65814A-90AC-4A98-ABB5-5C70295A9DA8} = {5312D4F6-5694-48BB-85AD-6F06A310EB6B}
		{11B0B023-A476-4B75-9A21-D5704E2A4795} = {5312D4F6-5694-48BB-85AD-6F06A310EB6B}
		{28C66052-2F3B-9949-12DF-BD3B1A121CF8} = {02EA681E-C7D8-13C7-8484-4AC65E1B71E8}
	EndGlobalSection
	GlobalSection(ExtensibilityGlobals) = postSolution
		SolutionGuid = {BF25B007-A8A0-4FD5-8232-511E8196D59A}
	EndGlobalSection
EndGlobal
